// !$*UTF8*$!
{
	archiveVersion = 1;
	classes = {
	};
	objectVersion = 54;
	objects = {

/* Begin PBXBuildFile section */
		1498D2341E8E89220040F4C2 /* GeneratedPluginRegistrant.m in Sources */ = {isa = PBXBuildFile; fileRef = 1498D2331E8E89220040F4C2 /* GeneratedPluginRegistrant.m */; };
		331C808B294A63AB00263BE5 /* RunnerTests.swift in Sources */ = {isa = PBXBuildFile; fileRef = 331C807B294A618700263BE5 /* RunnerTests.swift */; };
		3B3967161E833CAA004F5970 /* AppFrameworkInfo.plist in Resources */ = {isa = PBXBuildFile; fileRef = 3B3967151E833CAA004F5970 /* AppFrameworkInfo.plist */; };
		74858FAF1ED2DC5600515810 /* AppDelegate.swift in Sources */ = {isa = PBXBuildFile; fileRef = 74858FAE1ED2DC5600515810 /* AppDelegate.swift */; };
		7884E8682EC3CC0700C636F2 /* SceneDelegate.swift in Sources */ = {isa = PBXBuildFile; fileRef = 7884E8672EC3CC0400C636F2 /* SceneDelegate.swift */; };
		78A318202AECB46A00862997 /* FlutterGeneratedPluginSwiftPackage in Frameworks */ = {isa = PBXBuildFile; productRef = 78A3181F2AECB46A00862997 /* FlutterGeneratedPluginSwiftPackage */; };
		8B5846FAB3B579D4F4EA0D4D /* Pods_RunnerTests.framework in Frameworks */ = {isa = PBXBuildFile; fileRef = F5B849AC5B5ABB3683AB3AFE /* Pods_RunnerTests.framework */; };
		97C146FC1CF9000F007C117D /* Main.storyboard in Resources */ = {isa = PBXBuildFile; fileRef = 97C146FA1CF9000F007C117D /* Main.storyboard */; };
		97C146FE1CF9000F007C117D /* Assets.xcassets in Resources */ = {isa = PBXBuildFile; fileRef = 97C146FD1CF9000F007C117D /* Assets.xcassets */; };
		97C147011CF9000F007C117D /* LaunchScreen.storyboard in Resources */ = {isa = PBXBuildFile; fileRef = 97C146FF1CF9000F007C117D /* LaunchScreen.storyboard */; };
		D2EDB555CB7397017F7E06CC /* Pods_Runner.framework in Frameworks */ = {isa = PBXBuildFile; fileRef = 325A5B6CA0239D7431F6D720 /* Pods_Runner.framework */; };
		4DE4246A1AE3409CB031B5B2 /* PrivacyInfo.xcprivacy in Resources */ = {isa = PBXBuildFile; fileRef = 7DF6BA1B54F74A85B21ACAE7 /* PrivacyInfo.xcprivacy */; };
		039852522B5E4301ADE24119 /* MLXLLM in Frameworks */ = {isa = PBXBuildFile; productRef = F926AD22A02E4D76A9158D31 /* MLXLLM */; };
		4F37BE491E9A4D639850CB06 /* MLXVLM in Frameworks */ = {isa = PBXBuildFile; productRef = A677EF24BD8843D19731FDD2 /* MLXVLM */; };
		7BBB81E5109644098B3DAE73 /* MLXLMCommon in Frameworks */ = {isa = PBXBuildFile; productRef = BA330C55FE564C9F9AE216A6 /* MLXLMCommon */; };
		DE4C2C343EB54F298A837CDD /* MLXBridge.swift in Sources */ = {isa = PBXBuildFile; fileRef = C6A9D1FA08B641FE9190AC46 /* MLXBridge.swift */; };
		EFD553C647254C719011B315 /* BundledModel.swift in Sources */ = {isa = PBXBuildFile; fileRef = 8AB46543F89D466988CE5254 /* BundledModel.swift */; };
		95B79F94952844398176FEDB /* GPULifecycle.swift in Sources */ = {isa = PBXBuildFile; fileRef = 1A1F34F7E92A432A85E69E9F /* GPULifecycle.swift */; };
		EEDFBD936AC6498A99A8BDC4 /* MemoryStats.swift in Sources */ = {isa = PBXBuildFile; fileRef = EA00E997DAC44F76A062892C /* MemoryStats.swift */; };
		01B3EDC3A38843A7B28D2E17 /* RuntimeBudgets.swift in Sources */ = {isa = PBXBuildFile; fileRef = 477C0DBB748649CF91B40317 /* RuntimeBudgets.swift */; };
		C4F6FA487A80418C9C0103FA /* Gemma4AudioFeatureExtractor.swift in Sources */ = {isa = PBXBuildFile; fileRef = B695D94208A14302BC2EDE70 /* Gemma4AudioFeatureExtractor.swift */; };
		5C52D6834A48424D9E9ACA0B /* Gemma4AudioModel.swift in Sources */ = {isa = PBXBuildFile; fileRef = 64CC2FEE94C442D4A2A1D23E /* Gemma4AudioModel.swift */; };
		9F85A024E53A4A309B71F783 /* Gemma4Config.swift in Sources */ = {isa = PBXBuildFile; fileRef = 688F0F6FF21242BDB1AF263E /* Gemma4Config.swift */; };
		D380B4F1F2564A7995CA4FBF /* Gemma4LanguageModel.swift in Sources */ = {isa = PBXBuildFile; fileRef = 4682DC3120984CDDACED1E1F /* Gemma4LanguageModel.swift */; };
		6E1D175016B1478682BAE607 /* Gemma4Model.swift in Sources */ = {isa = PBXBuildFile; fileRef = 9BD469D108014529A9F6AD59 /* Gemma4Model.swift */; };
		E1750C1439C34483AF2A81C4 /* Gemma4Processor.swift in Sources */ = {isa = PBXBuildFile; fileRef = F2AC1FF0BB194620A16F132B /* Gemma4Processor.swift */; };
		AF53AD0B182F4EC2949DAA6C /* Gemma4Registration.swift in Sources */ = {isa = PBXBuildFile; fileRef = FF2082E5EC214689BE9ABDD7 /* Gemma4Registration.swift */; };
		7218C0F50EFB44C4A658746E /* Gemma4RoPE.swift in Sources */ = {isa = PBXBuildFile; fileRef = E0E3A07822BB4877A6E287E7 /* Gemma4RoPE.swift */; };
		F418D5A64F8243BE97F0E758 /* Gemma4TextModel.swift in Sources */ = {isa = PBXBuildFile; fileRef = 96D5DD62E49C4171936990D8 /* Gemma4TextModel.swift */; };
		3F80687FF06B499BA05816C4 /* Gemma4VisionModel.swift in Sources */ = {isa = PBXBuildFile; fileRef = A0D20F3B27A94A8BA1974234 /* Gemma4VisionModel.swift */; };
		D1E31BAC74384C1882B1E3DF /* ModelDownloader.swift in Sources */ = {isa = PBXBuildFile; fileRef = ACE077F0B1174FCB88F05CF7 /* ModelDownloader.swift */; };
		E935339C5C7B48A6AFCF13D0 /* ModelInstallState.swift in Sources */ = {isa = PBXBuildFile; fileRef = 21CD1F1D8A6049FFA1964F2E /* ModelInstallState.swift */; };
		5B8B333AF1A84C52893B7FA3 /* ModelInstaller.swift in Sources */ = {isa = PBXBuildFile; fileRef = CF1A93F7EFCA4F90AD5E0AC1 /* ModelInstaller.swift */; };
		65DB1EC453384980B312AF48 /* ModelPaths.swift in Sources */ = {isa = PBXBuildFile; fileRef = 7B9D3E4BE3F44F5092998231 /* ModelPaths.swift */; };
		280FC2FDED5B4398B87653A3 /* LLMEngine.swift in Sources */ = {isa = PBXBuildFile; fileRef = 627B3DB39DD3440291EEA9A8 /* LLMEngine.swift */; };
		F21FFAFC5E294DCE85F4BEA4 /* MLXLocalLLMService+KVReuse.swift in Sources */ = {isa = PBXBuildFile; fileRef = 1AD52FCC933C444D8B4EA6B0 /* MLXLocalLLMService+KVReuse.swift */; };
		29BAF1D6A7E34B3B93312430 /* MLXLocalLLMService.swift in Sources */ = {isa = PBXBuildFile; fileRef = 6184124BCD2F45179A4606A2 /* MLXLocalLLMService.swift */; };
		EC4C3D6EBE0848E99CD6944D /* MLXFast in Frameworks */ = {isa = PBXBuildFile; productRef = 8B24674431574B1D9978B80C /* MLXFast */; };
		2C592963484B4A8AB8ACF282 /* MLXNN in Frameworks */ = {isa = PBXBuildFile; productRef = FDC034B926234D2B9BD9E6CD /* MLXNN */; };
		293083D7DCDA428FB57B313D /* MLXTokenizersLoader.swift in Sources */ = {isa = PBXBuildFile; fileRef = AEC28187BC4B477C9C90BC4C /* MLXTokenizersLoader.swift */; };
/* End PBXBuildFile section */

/* Begin PBXContainerItemProxy section */
		331C8085294A63A400263BE5 /* PBXContainerItemProxy */ = {
			isa = PBXContainerItemProxy;
			containerPortal = 97C146E61CF9000F007C117D /* Project object */;
			proxyType = 1;
			remoteGlobalIDString = 97C146ED1CF9000F007C117D;
			remoteInfo = Runner;
		};
/* End PBXContainerItemProxy section */

/* Begin PBXCopyFilesBuildPhase section */
		9705A1C41CF9048500538489 /* Embed Frameworks */ = {
			isa = PBXCopyFilesBuildPhase;
			buildActionMask = 2147483647;
			dstPath = "";
			dstSubfolderSpec = 10;
			files = (
			);
			name = "Embed Frameworks";
			runOnlyForDeploymentPostprocessing = 0;
		};
/* End PBXCopyFilesBuildPhase section */

/* Begin PBXFileReference section */
		04D9E75147F879EF889E0D4E /* Pods-RunnerTests.debug.xcconfig */ = {isa = PBXFileReference; includeInIndex = 1; lastKnownFileType = text.xcconfig; name = "Pods-RunnerTests.debug.xcconfig"; path = "Target Support Files/Pods-RunnerTests/Pods-RunnerTests.debug.xcconfig"; sourceTree = "<group>"; };
		0AD7C121783197F26AB405D7 /* Pods-RunnerTests.profile.xcconfig */ = {isa = PBXFileReference; includeInIndex = 1; lastKnownFileType = text.xcconfig; name = "Pods-RunnerTests.profile.xcconfig"; path = "Target Support Files/Pods-RunnerTests/Pods-RunnerTests.profile.xcconfig"; sourceTree = "<group>"; };
		1498D2321E8E86230040F4C2 /* GeneratedPluginRegistrant.h */ = {isa = PBXFileReference; lastKnownFileType = sourcecode.c.h; path = GeneratedPluginRegistrant.h; sourceTree = "<group>"; };
		1498D2331E8E89220040F4C2 /* GeneratedPluginRegistrant.m */ = {isa = PBXFileReference; fileEncoding = 4; lastKnownFileType = sourcecode.c.objc; path = GeneratedPluginRegistrant.m; sourceTree = "<group>"; };
		325A5B6CA0239D7431F6D720 /* Pods_Runner.framework */ = {isa = PBXFileReference; explicitFileType = wrapper.framework; includeInIndex = 0; path = Pods_Runner.framework; sourceTree = BUILT_PRODUCTS_DIR; };
		331C807B294A618700263BE5 /* RunnerTests.swift */ = {isa = PBXFileReference; lastKnownFileType = sourcecode.swift; path = RunnerTests.swift; sourceTree = "<group>"; };
		331C8081294A63A400263BE5 /* RunnerTests.xctest */ = {isa = PBXFileReference; explicitFileType = wrapper.cfbundle; includeInIndex = 0; path = RunnerTests.xctest; sourceTree = BUILT_PRODUCTS_DIR; };
		3B3967151E833CAA004F5970 /* AppFrameworkInfo.plist */ = {isa = PBXFileReference; fileEncoding = 4; lastKnownFileType = text.plist.xml; name = AppFrameworkInfo.plist; path = Flutter/AppFrameworkInfo.plist; sourceTree = "<group>"; };
		590DDA89DFA3B259788847CD /* Pods-Runner.profile.xcconfig */ = {isa = PBXFileReference; includeInIndex = 1; lastKnownFileType = text.xcconfig; name = "Pods-Runner.profile.xcconfig"; path = "Target Support Files/Pods-Runner/Pods-Runner.profile.xcconfig"; sourceTree = "<group>"; };
		61A3A6F8A1E473F7A8802F49 /* Pods-Runner.release.xcconfig */ = {isa = PBXFileReference; includeInIndex = 1; lastKnownFileType = text.xcconfig; name = "Pods-Runner.release.xcconfig"; path = "Target Support Files/Pods-Runner/Pods-Runner.release.xcconfig"; sourceTree = "<group>"; };
		66337ECB939BC77947C51B73 /* Pods-Runner.debug.xcconfig */ = {isa = PBXFileReference; includeInIndex = 1; lastKnownFileType = text.xcconfig; name = "Pods-Runner.debug.xcconfig"; path = "Target Support Files/Pods-Runner/Pods-Runner.debug.xcconfig"; sourceTree = "<group>"; };
		74858FAD1ED2DC5600515810 /* Runner-Bridging-Header.h */ = {isa = PBXFileReference; lastKnownFileType = sourcecode.c.h; path = "Runner-Bridging-Header.h"; sourceTree = "<group>"; };
		74858FAE1ED2DC5600515810 /* AppDelegate.swift */ = {isa = PBXFileReference; fileEncoding = 4; lastKnownFileType = sourcecode.swift; path = AppDelegate.swift; sourceTree = "<group>"; };
		7884E8672EC3CC0400C636F2 /* SceneDelegate.swift */ = {isa = PBXFileReference; lastKnownFileType = sourcecode.swift; path = SceneDelegate.swift; sourceTree = "<group>"; };
		78E0A7A72DC9AD7400C4905E /* FlutterGeneratedPluginSwiftPackage */ = {isa = PBXFileReference; lastKnownFileType = wrapper; name = FlutterGeneratedPluginSwiftPackage; path = Flutter/ephemeral/Packages/FlutterGeneratedPluginSwiftPackage; sourceTree = "<group>"; };
		7AFA3C8E1D35360C0083082E /* Release.xcconfig */ = {isa = PBXFileReference; lastKnownFileType = text.xcconfig; name = Release.xcconfig; path = Flutter/Release.xcconfig; sourceTree = "<group>"; };
		9740EEB21CF90195004384FC /* Debug.xcconfig */ = {isa = PBXFileReference; fileEncoding = 4; lastKnownFileType = text.xcconfig; name = Debug.xcconfig; path = Flutter/Debug.xcconfig; sourceTree = "<group>"; };
		9740EEB31CF90195004384FC /* Generated.xcconfig */ = {isa = PBXFileReference; fileEncoding = 4; lastKnownFileType = text.xcconfig; name = Generated.xcconfig; path = Flutter/Generated.xcconfig; sourceTree = "<group>"; };
		97C146EE1CF9000F007C117D /* Runner.app */ = {isa = PBXFileReference; explicitFileType = wrapper.application; includeInIndex = 0; path = Runner.app; sourceTree = BUILT_PRODUCTS_DIR; };
		97C146FB1CF9000F007C117D /* Base */ = {isa = PBXFileReference; lastKnownFileType = file.storyboard; name = Base; path = Base.lproj/Main.storyboard; sourceTree = "<group>"; };
		97C146FD1CF9000F007C117D /* Assets.xcassets */ = {isa = PBXFileReference; lastKnownFileType = folder.assetcatalog; path = Assets.xcassets; sourceTree = "<group>"; };
		97C147001CF9000F007C117D /* Base */ = {isa = PBXFileReference; lastKnownFileType = file.storyboard; name = Base; path = Base.lproj/LaunchScreen.storyboard; sourceTree = "<group>"; };
		97C147021CF9000F007C117D /* Info.plist */ = {isa = PBXFileReference; lastKnownFileType = text.plist.xml; path = Info.plist; sourceTree = "<group>"; };
		CA512076896F7C467728D023 /* Pods-RunnerTests.release.xcconfig */ = {isa = PBXFileReference; includeInIndex = 1; lastKnownFileType = text.xcconfig; name = "Pods-RunnerTests.release.xcconfig"; path = "Target Support Files/Pods-RunnerTests/Pods-RunnerTests.release.xcconfig"; sourceTree = "<group>"; };
		F5B849AC5B5ABB3683AB3AFE /* Pods_RunnerTests.framework */ = {isa = PBXFileReference; explicitFileType = wrapper.framework; includeInIndex = 0; path = Pods_RunnerTests.framework; sourceTree = BUILT_PRODUCTS_DIR; };
		7DF6BA1B54F74A85B21ACAE7 /* PrivacyInfo.xcprivacy */ = {isa = PBXFileReference; lastKnownFileType = text.xml; path = PrivacyInfo.xcprivacy; sourceTree = "<group>"; };
		C6A9D1FA08B641FE9190AC46 /* MLXBridge.swift */ = {isa = PBXFileReference; lastKnownFileType = sourcecode.swift; path = "MLXBridge.swift"; sourceTree = "<group>"; };
		8AB46543F89D466988CE5254 /* BundledModel.swift */ = {isa = PBXFileReference; lastKnownFileType = sourcecode.swift; path = "LLM/Core/BundledModel.swift"; sourceTree = "<group>"; };
		1A1F34F7E92A432A85E69E9F /* GPULifecycle.swift */ = {isa = PBXFileReference; lastKnownFileType = sourcecode.swift; path = "LLM/Core/GPULifecycle.swift"; sourceTree = "<group>"; };
		EA00E997DAC44F76A062892C /* MemoryStats.swift */ = {isa = PBXFileReference; lastKnownFileType = sourcecode.swift; path = "LLM/Core/MemoryStats.swift"; sourceTree = "<group>"; };
		477C0DBB748649CF91B40317 /* RuntimeBudgets.swift */ = {isa = PBXFileReference; lastKnownFileType = sourcecode.swift; path = "LLM/Core/RuntimeBudgets.swift"; sourceTree = "<group>"; };
		B695D94208A14302BC2EDE70 /* Gemma4AudioFeatureExtractor.swift */ = {isa = PBXFileReference; lastKnownFileType = sourcecode.swift; path = "LLM/Gemma4/Gemma4AudioFeatureExtractor.swift"; sourceTree = "<group>"; };
		64CC2FEE94C442D4A2A1D23E /* Gemma4AudioModel.swift */ = {isa = PBXFileReference; lastKnownFileType = sourcecode.swift; path = "LLM/Gemma4/Gemma4AudioModel.swift"; sourceTree = "<group>"; };
		688F0F6FF21242BDB1AF263E /* Gemma4Config.swift */ = {isa = PBXFileReference; lastKnownFileType = sourcecode.swift; path = "LLM/Gemma4/Gemma4Config.swift"; sourceTree = "<group>"; };
		4682DC3120984CDDACED1E1F /* Gemma4LanguageModel.swift */ = {isa = PBXFileReference; lastKnownFileType = sourcecode.swift; path = "LLM/Gemma4/Gemma4LanguageModel.swift"; sourceTree = "<group>"; };
		9BD469D108014529A9F6AD59 /* Gemma4Model.swift */ = {isa = PBXFileReference; lastKnownFileType = sourcecode.swift; path = "LLM/Gemma4/Gemma4Model.swift"; sourceTree = "<group>"; };
		F2AC1FF0BB194620A16F132B /* Gemma4Processor.swift */ = {isa = PBXFileReference; lastKnownFileType = sourcecode.swift; path = "LLM/Gemma4/Gemma4Processor.swift"; sourceTree = "<group>"; };
		FF2082E5EC214689BE9ABDD7 /* Gemma4Registration.swift */ = {isa = PBXFileReference; lastKnownFileType = sourcecode.swift; path = "LLM/Gemma4/Gemma4Registration.swift"; sourceTree = "<group>"; };
		E0E3A07822BB4877A6E287E7 /* Gemma4RoPE.swift */ = {isa = PBXFileReference; lastKnownFileType = sourcecode.swift; path = "LLM/Gemma4/Gemma4RoPE.swift"; sourceTree = "<group>"; };
		96D5DD62E49C4171936990D8 /* Gemma4TextModel.swift */ = {isa = PBXFileReference; lastKnownFileType = sourcecode.swift; path = "LLM/Gemma4/Gemma4TextModel.swift"; sourceTree = "<group>"; };
		A0D20F3B27A94A8BA1974234 /* Gemma4VisionModel.swift */ = {isa = PBXFileReference; lastKnownFileType = sourcecode.swift; path = "LLM/Gemma4/Gemma4VisionModel.swift"; sourceTree = "<group>"; };
		ACE077F0B1174FCB88F05CF7 /* ModelDownloader.swift */ = {isa = PBXFileReference; lastKnownFileType = sourcecode.swift; path = "LLM/Installation/ModelDownloader.swift"; sourceTree = "<group>"; };
		21CD1F1D8A6049FFA1964F2E /* ModelInstallState.swift */ = {isa = PBXFileReference; lastKnownFileType = sourcecode.swift; path = "LLM/Installation/ModelInstallState.swift"; sourceTree = "<group>"; };
		CF1A93F7EFCA4F90AD5E0AC1 /* ModelInstaller.swift */ = {isa = PBXFileReference; lastKnownFileType = sourcecode.swift; path = "LLM/Installation/ModelInstaller.swift"; sourceTree = "<group>"; };
		7B9D3E4BE3F44F5092998231 /* ModelPaths.swift */ = {isa = PBXFileReference; lastKnownFileType = sourcecode.swift; path = "LLM/Installation/ModelPaths.swift"; sourceTree = "<group>"; };
		627B3DB39DD3440291EEA9A8 /* LLMEngine.swift */ = {isa = PBXFileReference; lastKnownFileType = sourcecode.swift; path = "LLM/LLMEngine.swift"; sourceTree = "<group>"; };
		1AD52FCC933C444D8B4EA6B0 /* MLXLocalLLMService+KVReuse.swift */ = {isa = PBXFileReference; lastKnownFileType = sourcecode.swift; path = "LLM/MLXLocalLLMService+KVReuse.swift"; sourceTree = "<group>"; };
		6184124BCD2F45179A4606A2 /* MLXLocalLLMService.swift */ = {isa = PBXFileReference; lastKnownFileType = sourcecode.swift; path = "LLM/MLXLocalLLMService.swift"; sourceTree = "<group>"; };
		AEC28187BC4B477C9C90BC4C /* MLXTokenizersLoader.swift */ = {isa = PBXFileReference; lastKnownFileType = sourcecode.swift; path = "Runner/LLM/Core/MLXTokenizersLoader.swift"; sourceTree = "<group>"; };
/* End PBXFileReference section */

/* Begin PBXFrameworksBuildPhase section */
		09EE4E23CA2A275CD64A5E59 /* Frameworks */ = {
			isa = PBXFrameworksBuildPhase;
			buildActionMask = 2147483647;
			files = (
				8B5846FAB3B579D4F4EA0D4D /* Pods_RunnerTests.framework in Frameworks */,
			);
			runOnlyForDeploymentPostprocessing = 0;
		};
		97C146EB1CF9000F007C117D /* Frameworks */ = {
			isa = PBXFrameworksBuildPhase;
			buildActionMask = 2147483647;
			files = (
				EC4C3D6EBE0848E99CD6944D /* MLXFast in Frameworks */,
				2C592963484B4A8AB8ACF282 /* MLXNN in Frameworks */,
				039852522B5E4301ADE24119 /* MLXLLM in Frameworks */,
				4F37BE491E9A4D639850CB06 /* MLXVLM in Frameworks */,
				7BBB81E5109644098B3DAE73 /* MLXLMCommon in Frameworks */,
				78A318202AECB46A00862997 /* FlutterGeneratedPluginSwiftPackage in Frameworks */,
				D2EDB555CB7397017F7E06CC /* Pods_Runner.framework in Frameworks */,
			);
			runOnlyForDeploymentPostprocessing = 0;
		};
/* End PBXFrameworksBuildPhase section */

/* Begin PBXGroup section */
		331C8082294A63A400263BE5 /* RunnerTests */ = {
			isa = PBXGroup;
			children = (
				331C807B294A618700263BE5 /* RunnerTests.swift */,
			);
			path = RunnerTests;
			sourceTree = "<group>";
		};
		6E078CEEB8E4E451F4E53F51 /* Frameworks */ = {
			isa = PBXGroup;
			children = (
				325A5B6CA0239D7431F6D720 /* Pods_Runner.framework */,
				F5B849AC5B5ABB3683AB3AFE /* Pods_RunnerTests.framework */,
			);
			name = Frameworks;
			sourceTree = "<group>";
		};
		9740EEB11CF90186004384FC /* Flutter */ = {
			isa = PBXGroup;
			children = (
				78E0A7A72DC9AD7400C4905E /* FlutterGeneratedPluginSwiftPackage */,
				3B3967151E833CAA004F5970 /* AppFrameworkInfo.plist */,
				9740EEB21CF90195004384FC /* Debug.xcconfig */,
				7AFA3C8E1D35360C0083082E /* Release.xcconfig */,
				9740EEB31CF90195004384FC /* Generated.xcconfig */,
			);
			name = Flutter;
			sourceTree = "<group>";
		};
		97C146E51CF9000F007C117D = {
			isa = PBXGroup;
			children = (
				9740EEB11CF90186004384FC /* Flutter */,
				97C146F01CF9000F007C117D /* Runner */,
				97C146EF1CF9000F007C117D /* Products */,
				331C8082294A63A400263BE5 /* RunnerTests */,
				BF4F0E5EA4E87F7FCB3CFF03 /* Pods */,
				6E078CEEB8E4E451F4E53F51 /* Frameworks */,
			);
			sourceTree = "<group>";
		};
		97C146EF1CF9000F007C117D /* Products */ = {
			isa = PBXGroup;
			children = (
				97C146EE1CF9000F007C117D /* Runner.app */,
				331C8081294A63A400263BE5 /* RunnerTests.xctest */,
			);
			name = Products;
			sourceTree = "<group>";
		};
		97C146F01CF9000F007C117D /* Runner */ = {
			isa = PBXGroup;
			children = (
				C6A9D1FA08B641FE9190AC46 /* MLXBridge.swift */,
				8AB46543F89D466988CE5254 /* BundledModel.swift */,
				1A1F34F7E92A432A85E69E9F /* GPULifecycle.swift */,
				EA00E997DAC44F76A062892C /* MemoryStats.swift */,
				477C0DBB748649CF91B40317 /* RuntimeBudgets.swift */,
				B695D94208A14302BC2EDE70 /* Gemma4AudioFeatureExtractor.swift */,
				64CC2FEE94C442D4A2A1D23E /* Gemma4AudioModel.swift */,
				688F0F6FF21242BDB1AF263E /* Gemma4Config.swift */,
				4682DC3120984CDDACED1E1F /* Gemma4LanguageModel.swift */,
				9BD469D108014529A9F6AD59 /* Gemma4Model.swift */,
				F2AC1FF0BB194620A16F132B /* Gemma4Processor.swift */,
				FF2082E5EC214689BE9ABDD7 /* Gemma4Registration.swift */,
				E0E3A07822BB4877A6E287E7 /* Gemma4RoPE.swift */,
				96D5DD62E49C4171936990D8 /* Gemma4TextModel.swift */,
				A0D20F3B27A94A8BA1974234 /* Gemma4VisionModel.swift */,
				ACE077F0B1174FCB88F05CF7 /* ModelDownloader.swift */,
				21CD1F1D8A6049FFA1964F2E /* ModelInstallState.swift */,
				CF1A93F7EFCA4F90AD5E0AC1 /* ModelInstaller.swift */,
				7B9D3E4BE3F44F5092998231 /* ModelPaths.swift */,
				627B3DB39DD3440291EEA9A8 /* LLMEngine.swift */,
				1AD52FCC933C444D8B4EA6B0 /* MLXLocalLLMService+KVReuse.swift */,
				6184124BCD2F45179A4606A2 /* MLXLocalLLMService.swift */,
				7DF6BA1B54F74A85B21ACAE7 /* PrivacyInfo.xcprivacy */,
				97C146FA1CF9000F007C117D /* Main.storyboard */,
				97C146FD1CF9000F007C117D /* Assets.xcassets */,
				97C146FF1CF9000F007C117D /* LaunchScreen.storyboard */,
				97C147021CF9000F007C117D /* Info.plist */,
				1498D2321E8E86230040F4C2 /* GeneratedPluginRegistrant.h */,
				1498D2331E8E89220040F4C2 /* GeneratedPluginRegistrant.m */,
				74858FAE1ED2DC5600515810 /* AppDelegate.swift */,
				7884E8672EC3CC0400C636F2 /* SceneDelegate.swift */,
				74858FAD1ED2DC5600515810 /* Runner-Bridging-Header.h */,
			);
			path = Runner;
			sourceTree = "<group>";
		};
		BF4F0E5EA4E87F7FCB3CFF03 /* Pods */ = {
			isa = PBXGroup;
			children = (
				66337ECB939BC77947C51B73 /* Pods-Runner.debug.xcconfig */,
				61A3A6F8A1E473F7A8802F49 /* Pods-Runner.release.xcconfig */,
				590DDA89DFA3B259788847CD /* Pods-Runner.profile.xcconfig */,
				04D9E75147F879EF889E0D4E /* Pods-RunnerTests.debug.xcconfig */,
				CA512076896F7C467728D023 /* Pods-RunnerTests.release.xcconfig */,
				0AD7C121783197F26AB405D7 /* Pods-RunnerTests.profile.xcconfig */,
			);
			path = Pods;
			sourceTree = "<group>";
		};
/* End PBXGroup section */

/* Begin PBXNativeTarget section */
		331C8080294A63A400263BE5 /* RunnerTests */ = {
			isa = PBXNativeTarget;
			buildConfigurationList = 331C8087294A63A400263BE5 /* Build configuration list for PBXNativeTarget "RunnerTests" */;
			buildPhases = (
				51DAC621AA4843DC247CBA2F /* [CP] Check Pods Manifest.lock */,
				331C807D294A63A400263BE5 /* Sources */,
				331C807F294A63A400263BE5 /* Resources */,
				09EE4E23CA2A275CD64A5E59 /* Frameworks */,
			);
			buildRules = (
			);
			dependencies = (
				331C8086294A63A400263BE5 /* PBXTargetDependency */,
			);
			name = RunnerTests;
			productName = RunnerTests;
			productReference = 331C8081294A63A400263BE5 /* RunnerTests.xctest */;
			productType = "com.apple.product-type.bundle.unit-test";
		};
		97C146ED1CF9000F007C117D /* Runner */ = {
			isa = PBXNativeTarget;
			packageProductDependencies = (
				8B24674431574B1D9978B80C /* MLXFast */,
				FDC034B926234D2B9BD9E6CD /* MLXNN */,
				F926AD22A02E4D76A9158D31 /* MLXLLM */,
				A677EF24BD8843D19731FDD2 /* MLXVLM */,
				BA330C55FE564C9F9AE216A6 /* MLXLMCommon */,
			);
			buildConfigurationList = 97C147051CF9000F007C117D /* Build configuration list for PBXNativeTarget "Runner" */;
			buildPhases = (
				B692BE773DB9D69BB1B02FC1 /* [CP] Check Pods Manifest.lock */,
				9740EEB61CF901F6004384FC /* Run Script */,
				97C146EA1CF9000F007C117D /* Sources */,
				97C146EB1CF9000F007C117D /* Frameworks */,
				97C146EC1CF9000F007C117D /* Resources */,
				9705A1C41CF9048500538489 /* Embed Frameworks */,
				3B06AD1E1E4923F5004D2608 /* Thin Binary */,
				4535DFB24A644F19C2D79842 /* [CP] Embed Pods Frameworks */,
			);
			buildRules = (
			);
			dependencies = (
			);
			name = Runner;
			productName = Runner;
			productReference = 97C146EE1CF9000F007C117D /* Runner.app */;
			productType = "com.apple.product-type.application";
		};
/* End PBXNativeTarget section */

/* Begin PBXProject section */
		97C146E61CF9000F007C117D /* Project object */ = {
			isa = PBXProject;
			localPackages = (
				889C2E1753DB4B21832A562C /* XCLocalSwiftPackageReference "InferenceKit" */,
			);
			attributes = {
				BuildIndependentTargetsInParallel = YES;
				LastUpgradeCheck = 1510;
				ORGANIZATIONNAME = "";
				TargetAttributes = {
					331C8080294A63A400263BE5 = {
						CreatedOnToolsVersion = 14.0;
						TestTargetID = 97C146ED1CF9000F007C117D;
					};
					97C146ED1CF9000F007C117D = {
						CreatedOnToolsVersion = 7.3.1;
						LastSwiftMigration = 1100;
					};
				};
			};
			buildConfigurationList = 97C146E91CF9000F007C117D /* Build configuration list for PBXProject "Runner" */;
			compatibilityVersion = "Xcode 9.3";
			developmentRegion = en;
			hasScannedForEncodings = 0;
			knownRegions = (
				en,
				Base,
			);
			mainGroup = 97C146E51CF9000F007C117D;
			packageReferences = (
				889C2E1753DB4B21832A562C /* XCLocalSwiftPackageReference "InferenceKit" */,
				781AD8BC2B33823900A9FFBB /* XCLocalSwiftPackageReference "FlutterGeneratedPluginSwiftPackage" */,
			);
			productRefGroup = 97C146EF1CF9000F007C117D /* Products */;
			projectDirPath = "";
			projectRoot = "";
			targets = (
				97C146ED1CF9000F007C117D /* Runner */,
				331C8080294A63A400263BE5 /* RunnerTests */,
			);
		};
/* End PBXProject section */

/* Begin PBXResourcesBuildPhase section */
		331C807F294A63A400263BE5 /* Resources */ = {
			isa = PBXResourcesBuildPhase;
			buildActionMask = 2147483647;
			files = (
			);
			runOnlyForDeploymentPostprocessing = 0;
		};
		97C146EC1CF9000F007C117D /* Resources */ = {
			isa = PBXResourcesBuildPhase;
			buildActionMask = 2147483647;
			files = (
				4DE4246A1AE3409CB031B5B2 /* PrivacyInfo.xcprivacy in Resources */,
				97C147011CF9000F007C117D /* LaunchScreen.storyboard in Resources */,
				3B3967161E833CAA004F5970 /* AppFrameworkInfo.plist in Resources */,
				97C146FE1CF9000F007C117D /* Assets.xcassets in Resources */,
				97C146FC1CF9000F007C117D /* Main.storyboard in Resources */,
			);
			runOnlyForDeploymentPostprocessing = 0;
		};
/* End PBXResourcesBuildPhase section */

/* Begin PBXShellScriptBuildPhase section */
		3B06AD1E1E4923F5004D2608 /* Thin Binary */ = {
			isa = PBXShellScriptBuildPhase;
			alwaysOutOfDate = 1;
			buildActionMask = 2147483647;
			files = (
			);
			inputPaths = (
				"${TARGET_BUILD_DIR}/${INFOPLIST_PATH}",
			);
			name = "Thin Binary";
			outputPaths = (
			);
			runOnlyForDeploymentPostprocessing = 0;
			shellPath = /bin/sh;
			shellScript = "/bin/sh \"$FLUTTER_ROOT/packages/flutter_tools/bin/xcode_backend.sh\" embed_and_thin";
		};
		4535DFB24A644F19C2D79842 /* [CP] Embed Pods Frameworks */ = {
			isa = PBXShellScriptBuildPhase;
			buildActionMask = 2147483647;
			files = (
			);
			inputFileListPaths = (
				"${PODS_ROOT}/Target Support Files/Pods-Runner/Pods-Runner-frameworks-${CONFIGURATION}-input-files.xcfilelist",
			);
			name = "[CP] Embed Pods Frameworks";
			outputFileListPaths = (
				"${PODS_ROOT}/Target Support Files/Pods-Runner/Pods-Runner-frameworks-${CONFIGURATION}-output-files.xcfilelist",
			);
			runOnlyForDeploymentPostprocessing = 0;
			shellPath = /bin/sh;
			shellScript = "\"${PODS_ROOT}/Target Support Files/Pods-Runner/Pods-Runner-frameworks.sh\"\n";
			showEnvVarsInLog = 0;
		};
		51DAC621AA4843DC247CBA2F /* [CP] Check Pods Manifest.lock */ = {
			isa = PBXShellScriptBuildPhase;
			buildActionMask = 2147483647;
			files = (
			);
			inputFileListPaths = (
			);
			inputPaths = (
				"${PODS_PODFILE_DIR_PATH}/Podfile.lock",
				"${PODS_ROOT}/Manifest.lock",
			);
			name = "[CP] Check Pods Manifest.lock";
			outputFileListPaths = (
			);
			outputPaths = (
				"$(DERIVED_FILE_DIR)/Pods-RunnerTests-checkManifestLockResult.txt",
			);
			runOnlyForDeploymentPostprocessing = 0;
			shellPath = /bin/sh;
			shellScript = "diff \"${PODS_PODFILE_DIR_PATH}/Podfile.lock\" \"${PODS_ROOT}/Manifest.lock\" > /dev/null\nif [ $? != 0 ] ; then\n    # print error to STDERR\n    echo \"error: The sandbox is not in sync with the Podfile.lock. Run 'pod install' or update your CocoaPods installation.\" >&2\n    exit 1\nfi\n# This output is used by Xcode 'outputs' to avoid re-running this script phase.\necho \"SUCCESS\" > \"${SCRIPT_OUTPUT_FILE_0}\"\n";
			showEnvVarsInLog = 0;
		};
		9740EEB61CF901F6004384FC /* Run Script */ = {
			isa = PBXShellScriptBuildPhase;
			alwaysOutOfDate = 1;
			buildActionMask = 2147483647;
			files = (
			);
			inputPaths = (
			);
			name = "Run Script";
			outputPaths = (
			);
			runOnlyForDeploymentPostprocessing = 0;
			shellPath = /bin/sh;
			shellScript = "/bin/sh \"$FLUTTER_ROOT/packages/flutter_tools/bin/xcode_backend.sh\" build";
		};
		B692BE773DB9D69BB1B02FC1 /* [CP] Check Pods Manifest.lock */ = {
			isa = PBXShellScriptBuildPhase;
			buildActionMask = 2147483647;
			files = (
			);
			inputFileListPaths = (
			);
			inputPaths = (
				"${PODS_PODFILE_DIR_PATH}/Podfile.lock",
				"${PODS_ROOT}/Manifest.lock",
			);
			name = "[CP] Check Pods Manifest.lock";
			outputFileListPaths = (
			);
			outputPaths = (
				"$(DERIVED_FILE_DIR)/Pods-Runner-checkManifestLockResult.txt",
			);
			runOnlyForDeploymentPostprocessing = 0;
			shellPath = /bin/sh;
			shellScript = "diff \"${PODS_PODFILE_DIR_PATH}/Podfile.lock\" \"${PODS_ROOT}/Manifest.lock\" > /dev/null\nif [ $? != 0 ] ; then\n    # print error to STDERR\n    echo \"error: The sandbox is not in sync with the Podfile.lock. Run 'pod install' or update your CocoaPods installation.\" >&2\n    exit 1\nfi\n# This output is used by Xcode 'outputs' to avoid re-running this script phase.\necho \"SUCCESS\" > \"${SCRIPT_OUTPUT_FILE_0}\"\n";
			showEnvVarsInLog = 0;
		};
/* End PBXShellScriptBuildPhase section */

/* Begin PBXSourcesBuildPhase section */
		331C807D294A63A400263BE5 /* Sources */ = {
			isa = PBXSourcesBuildPhase;
			buildActionMask = 2147483647;
			files = (
				331C808B294A63AB00263BE5 /* RunnerTests.swift in Sources */,
			);
			runOnlyForDeploymentPostprocessing = 0;
		};
		97C146EA1CF9000F007C117D /* Sources */ = {
			isa = PBXSourcesBuildPhase;
			buildActionMask = 2147483647;
			files = (
				293083D7DCDA428FB57B313D /* MLXTokenizersLoader.swift in Sources */,
				DE4C2C343EB54F298A837CDD /* MLXBridge.swift in Sources */,
				EFD553C647254C719011B315 /* BundledModel.swift in Sources */,
				95B79F94952844398176FEDB /* GPULifecycle.swift in Sources */,
				EEDFBD936AC6498A99A8BDC4 /* MemoryStats.swift in Sources */,
				01B3EDC3A38843A7B28D2E17 /* RuntimeBudgets.swift in Sources */,
				C4F6FA487A80418C9C0103FA /* Gemma4AudioFeatureExtractor.swift in Sources */,
				5C52D6834A48424D9E9ACA0B /* Gemma4AudioModel.swift in Sources */,
				9F85A024E53A4A309B71F783 /* Gemma4Config.swift in Sources */,
				D380B4F1F2564A7995CA4FBF /* Gemma4LanguageModel.swift in Sources */,
				6E1D175016B1478682BAE607 /* Gemma4Model.swift in Sources */,
				E1750C1439C34483AF2A81C4 /* Gemma4Processor.swift in Sources */,
				AF53AD0B182F4EC2949DAA6C /* Gemma4Registration.swift in Sources */,
				7218C0F50EFB44C4A658746E /* Gemma4RoPE.swift in Sources */,
				F418D5A64F8243BE97F0E758 /* Gemma4TextModel.swift in Sources */,
				3F80687FF06B499BA05816C4 /* Gemma4VisionModel.swift in Sources */,
				D1E31BAC74384C1882B1E3DF /* ModelDownloader.swift in Sources */,
				E935339C5C7B48A6AFCF13D0 /* ModelInstallState.swift in Sources */,
				5B8B333AF1A84C52893B7FA3 /* ModelInstaller.swift in Sources */,
				65DB1EC453384980B312AF48 /* ModelPaths.swift in Sources */,
				280FC2FDED5B4398B87653A3 /* LLMEngine.swift in Sources */,
				F21FFAFC5E294DCE85F4BEA4 /* MLXLocalLLMService+KVReuse.swift in Sources */,
				29BAF1D6A7E34B3B93312430 /* MLXLocalLLMService.swift in Sources */,
				74858FAF1ED2DC5600515810 /* AppDelegate.swift in Sources */,
				1498D2341E8E89220040F4C2 /* GeneratedPluginRegistrant.m in Sources */,
				7884E8682EC3CC0700C636F2 /* SceneDelegate.swift in Sources */,
			);
			runOnlyForDeploymentPostprocessing = 0;
		};
/* End PBXSourcesBuildPhase section */

/* Begin PBXTargetDependency section */
		331C8086294A63A400263BE5 /* PBXTargetDependency */ = {
			isa = PBXTargetDependency;
			target = 97C146ED1CF9000F007C117D /* Runner */;
			targetProxy = 331C8085294A63A400263BE5 /* PBXContainerItemProxy */;
		};
/* End PBXTargetDependency section */

/* Begin PBXVariantGroup section */
		97C146FA1CF9000F007C117D /* Main.storyboard */ = {
			isa = PBXVariantGroup;
			children = (
				97C146FB1CF9000F007C117D /* Base */,
			);
			name = Main.storyboard;
			sourceTree = "<group>";
		};
		97C146FF1CF9000F007C117D /* LaunchScreen.storyboard */ = {
			isa = PBXVariantGroup;
			children = (
				97C147001CF9000F007C117D /* Base */,
			);
			name = LaunchScreen.storyboard;
			sourceTree = "<group>";
		};
/* End PBXVariantGroup section */

/* Begin XCBuildConfiguration section */
		249021D3217E4FDB00AE95B9 /* Profile */ = {
			isa = XCBuildConfiguration;
			buildSettings = {
				ALWAYS_SEARCH_USER_PATHS = NO;
				ASSETCATALOG_COMPILER_GENERATE_SWIFT_ASSET_SYMBOL_EXTENSIONS = YES;
				CLANG_ANALYZER_NONNULL = YES;
				CLANG_CXX_LANGUAGE_STANDARD = "gnu++0x";
				CLANG_CXX_LIBRARY = "libc++";
				CLANG_ENABLE_MODULES = YES;
				CLANG_ENABLE_OBJC_ARC = YES;
				CLANG_WARN_BLOCK_CAPTURE_AUTORELEASING = YES;
				CLANG_WARN_BOOL_CONVERSION = YES;
				CLANG_WARN_COMMA = YES;
				CLANG_WARN_CONSTANT_CONVERSION = YES;
				CLANG_WARN_DEPRECATED_OBJC_IMPLEMENTATIONS = YES;
				CLANG_WARN_DIRECT_OBJC_ISA_USAGE = YES_ERROR;
				CLANG_WARN_EMPTY_BODY = YES;
				CLANG_WARN_ENUM_CONVERSION = YES;
				CLANG_WARN_INFINITE_RECURSION = YES;
				CLANG_WARN_INT_CONVERSION = YES;
				CLANG_WARN_NON_LITERAL_NULL_CONVERSION = YES;
				CLANG_WARN_OBJC_IMPLICIT_RETAIN_SELF = YES;
				CLANG_WARN_OBJC_LITERAL_CONVERSION = YES;
				CLANG_WARN_OBJC_ROOT_CLASS = YES_ERROR;
				CLANG_WARN_RANGE_LOOP_ANALYSIS = YES;
				CLANG_WARN_STRICT_PROTOTYPES = YES;
				CLANG_WARN_SUSPICIOUS_MOVE = YES;
				CLANG_WARN_UNREACHABLE_CODE = YES;
				CLANG_WARN__DUPLICATE_METHOD_MATCH = YES;
				"CODE_SIGN_IDENTITY[sdk=iphoneos*]" = "iPhone Developer";
				COPY_PHASE_STRIP = NO;
				DEBUG_INFORMATION_FORMAT = "dwarf-with-dsym";
				ENABLE_NS_ASSERTIONS = NO;
				ENABLE_STRICT_OBJC_MSGSEND = YES;
				ENABLE_USER_SCRIPT_SANDBOXING = NO;
				GCC_C_LANGUAGE_STANDARD = gnu99;
				GCC_NO_COMMON_BLOCKS = YES;
				GCC_WARN_64_TO_32_BIT_CONVERSION = YES;
				GCC_WARN_ABOUT_RETURN_TYPE = YES_ERROR;
				GCC_WARN_UNDECLARED_SELECTOR = YES;
				GCC_WARN_UNINITIALIZED_AUTOS = YES_AGGRESSIVE;
				GCC_WARN_UNUSED_FUNCTION = YES;
				GCC_WARN_UNUSED_VARIABLE = YES;
				IPHONEOS_DEPLOYMENT_TARGET = 17.0;
				MTL_ENABLE_DEBUG_INFO = NO;
				SDKROOT = iphoneos;
				SUPPORTED_PLATFORMS = iphoneos;
				TARGETED_DEVICE_FAMILY = "1,2";
				VALIDATE_PRODUCT = YES;
			};
			name = Profile;
		};
		249021D4217E4FDB00AE95B9 /* Profile */ = {
			isa = XCBuildConfiguration;
			baseConfigurationReference = 7AFA3C8E1D35360C0083082E /* Release.xcconfig */;
			buildSettings = {
				ASSETCATALOG_COMPILER_APPICON_NAME = AppIcon;
				CLANG_ENABLE_MODULES = YES;
				CURRENT_PROJECT_VERSION = "$(FLUTTER_BUILD_NUMBER)";
				DEVELOPMENT_TEAM = 485GWGJSJ7;
				ENABLE_BITCODE = NO;
				INFOPLIST_FILE = Runner/Info.plist;
				INFOPLIST_KEY_CFBundleDisplayName = JellyBuddy;
				INFOPLIST_KEY_LSApplicationCategoryType = "public.app-category.education";
				LD_RUNPATH_SEARCH_PATHS = (
					"$(inherited)",
					"@executable_path/Frameworks",
				);
				MARKETING_VERSION = 0.0.1;
				PRODUCT_BUNDLE_IDENTIFIER = com.jellybuddy.app;
				PRODUCT_NAME = "$(TARGET_NAME)";
				SUPPORTED_PLATFORMS = "iphoneos iphonesimulator";
				SUPPORTS_MACCATALYST = NO;
				SUPPORTS_XR_DESIGNED_FOR_IPHONE_IPAD = NO;
				SWIFT_OBJC_BRIDGING_HEADER = "Runner/Runner-Bridging-Header.h";
				SWIFT_VERSION = 5.0;
				TARGETED_DEVICE_FAMILY = 1;
				VERSIONING_SYSTEM = "apple-generic";
			};
			name = Profile;
		};
		331C8088294A63A400263BE5 /* Debug */ = {
			isa = XCBuildConfiguration;
			baseConfigurationReference = 04D9E75147F879EF889E0D4E /* Pods-RunnerTests.debug.xcconfig */;
			buildSettings = {
				BUNDLE_LOADER = "$(TEST_HOST)";
				CODE_SIGN_STYLE = Automatic;
				CURRENT_PROJECT_VERSION = 1;
				GENERATE_INFOPLIST_FILE = YES;
				MARKETING_VERSION = 1.0;
				PRODUCT_BUNDLE_IDENTIFIER = com.jellybuddy.app.RunnerTests;
				PRODUCT_NAME = "$(TARGET_NAME)";
				SWIFT_ACTIVE_COMPILATION_CONDITIONS = DEBUG;
				SWIFT_OPTIMIZATION_LEVEL = "-Onone";
				SWIFT_VERSION = 5.0;
				TEST_HOST = "$(BUILT_PRODUCTS_DIR)/Runner.app/$(BUNDLE_EXECUTABLE_FOLDER_PATH)/Runner";
			};
			name = Debug;
		};
		331C8089294A63A400263BE5 /* Release */ = {
			isa = XCBuildConfiguration;
			baseConfigurationReference = CA512076896F7C467728D023 /* Pods-RunnerTests.release.xcconfig */;
			buildSettings = {
				BUNDLE_LOADER = "$(TEST_HOST)";
				CODE_SIGN_STYLE = Automatic;
				CURRENT_PROJECT_VERSION = 1;
				GENERATE_INFOPLIST_FILE = YES;
				MARKETING_VERSION = 1.0;
				PRODUCT_BUNDLE_IDENTIFIER = com.jellybuddy.app.RunnerTests;
				PRODUCT_NAME = "$(TARGET_NAME)";
				SWIFT_VERSION = 5.0;
				TEST_HOST = "$(BUILT_PRODUCTS_DIR)/Runner.app/$(BUNDLE_EXECUTABLE_FOLDER_PATH)/Runner";
			};
			name = Release;
		};
		331C808A294A63A400263BE5 /* Profile */ = {
			isa = XCBuildConfiguration;
			baseConfigurationReference = 0AD7C121783197F26AB405D7 /* Pods-RunnerTests.profile.xcconfig */;
			buildSettings = {
				BUNDLE_LOADER = "$(TEST_HOST)";
				CODE_SIGN_STYLE = Automatic;
				CURRENT_PROJECT_VERSION = 1;
				GENERATE_INFOPLIST_FILE = YES;
				MARKETING_VERSION = 1.0;
				PRODUCT_BUNDLE_IDENTIFIER = com.jellybuddy.app.RunnerTests;
				PRODUCT_NAME = "$(TARGET_NAME)";
				SWIFT_VERSION = 5.0;
				TEST_HOST = "$(BUILT_PRODUCTS_DIR)/Runner.app/$(BUNDLE_EXECUTABLE_FOLDER_PATH)/Runner";
			};
			name = Profile;
		};
		97C147031CF9000F007C117D /* Debug */ = {
			isa = XCBuildConfiguration;
			buildSettings = {
				ALWAYS_SEARCH_USER_PATHS = NO;
				ASSETCATALOG_COMPILER_GENERATE_SWIFT_ASSET_SYMBOL_EXTENSIONS = AppIcon;
				CLANG_ANALYZER_NONNULL = YES;
				CLANG_CXX_LANGUAGE_STANDARD = "gnu++0x";
				CLANG_CXX_LIBRARY = "libc++";
				CLANG_ENABLE_MODULES = YES;
				CLANG_ENABLE_OBJC_ARC = YES;
				CLANG_WARN_BLOCK_CAPTURE_AUTORELEASING = YES;
				CLANG_WARN_BOOL_CONVERSION = YES;
				CLANG_WARN_COMMA = YES;
				CLANG_WARN_CONSTANT_CONVERSION = YES;
				CLANG_WARN_DEPRECATED_OBJC_IMPLEMENTATIONS = YES;
				CLANG_WARN_DIRECT_OBJC_ISA_USAGE = YES_ERROR;
				CLANG_WARN_EMPTY_BODY = YES;
				CLANG_WARN_ENUM_CONVERSION = YES;
				CLANG_WARN_INFINITE_RECURSION = YES;
				CLANG_WARN_INT_CONVERSION = YES;
				CLANG_WARN_NON_LITERAL_NULL_CONVERSION = YES;
				CLANG_WARN_OBJC_IMPLICIT_RETAIN_SELF = YES;
				CLANG_WARN_OBJC_LITERAL_CONVERSION = YES;
				CLANG_WARN_OBJC_ROOT_CLASS = YES_ERROR;
				CLANG_WARN_RANGE_LOOP_ANALYSIS = YES;
				CLANG_WARN_STRICT_PROTOTYPES = YES;
				CLANG_WARN_SUSPICIOUS_MOVE = YES;
				CLANG_WARN_UNREACHABLE_CODE = YES;
				CLANG_WARN__DUPLICATE_METHOD_MATCH = YES;
				"CODE_SIGN_IDENTITY[sdk=iphoneos*]" = "iPhone Developer";
				COPY_PHASE_STRIP = NO;
				DEBUG_INFORMATION_FORMAT = dwarf;
				ENABLE_STRICT_OBJC_MSGSEND = YES;
				ENABLE_TESTABILITY = YES;
				ENABLE_USER_SCRIPT_SANDBOXING = NO;
				GCC_C_LANGUAGE_STANDARD = gnu99;
				GCC_DYNAMIC_NO_PIC = NO;
				GCC_NO_COMMON_BLOCKS = YES;
				GCC_OPTIMIZATION_LEVEL = 0;
				GCC_PREPROCESSOR_DEFINITIONS = (
					"DEBUG=1",
					"$(inherited)",
				);
				GCC_WARN_64_TO_32_BIT_CONVERSION = YES;
				GCC_WARN_ABOUT_RETURN_TYPE = YES_ERROR;
				GCC_WARN_UNDECLARED_SELECTOR = YES;
				GCC_WARN_UNINITIALIZED_AUTOS = YES_AGGRESSIVE;
				GCC_WARN_UNUSED_FUNCTION = YES;
				GCC_WARN_UNUSED_VARIABLE = YES;
				IPHONEOS_DEPLOYMENT_TARGET = 17.0;
				MTL_ENABLE_DEBUG_INFO = YES;
				ONLY_ACTIVE_ARCH = YES;
				SDKROOT = iphoneos;
				TARGETED_DEVICE_FAMILY = "1,2";
			};
			name = Debug;
		};
		97C147041CF9000F007C117D /* Release */ = {
			isa = XCBuildConfiguration;
			buildSettings = {
				ALWAYS_SEARCH_USER_PATHS = NO;
				ASSETCATALOG_COMPILER_GENERATE_SWIFT_ASSET_SYMBOL_EXTENSIONS = AppIcon;
				CLANG_ANALYZER_NONNULL = YES;
				CLANG_CXX_LANGUAGE_STANDARD = "gnu++0x";
				CLANG_CXX_LIBRARY = "libc++";
				CLANG_ENABLE_MODULES = YES;
				CLANG_ENABLE_OBJC_ARC = YES;
				CLANG_WARN_BLOCK_CAPTURE_AUTORELEASING = YES;
				CLANG_WARN_BOOL_CONVERSION = YES;
				CLANG_WARN_COMMA = YES;
				CLANG_WARN_CONSTANT_CONVERSION = YES;
				CLANG_WARN_DEPRECATED_OBJC_IMPLEMENTATIONS = YES;
				CLANG_WARN_DIRECT_OBJC_ISA_USAGE = YES_ERROR;
				CLANG_WARN_EMPTY_BODY = YES;
				CLANG_WARN_ENUM_CONVERSION = YES;
				CLANG_WARN_INFINITE_RECURSION = YES;
				CLANG_WARN_INT_CONVERSION = YES;
				CLANG_WARN_NON_LITERAL_NULL_CONVERSION = YES;
				CLANG_WARN_OBJC_IMPLICIT_RETAIN_SELF = YES;
				CLANG_WARN_OBJC_LITERAL_CONVERSION = YES;
				CLANG_WARN_OBJC_ROOT_CLASS = YES_ERROR;
				CLANG_WARN_RANGE_LOOP_ANALYSIS = YES;
				CLANG_WARN_STRICT_PROTOTYPES = YES;
				CLANG_WARN_SUSPICIOUS_MOVE = YES;
				CLANG_WARN_UNREACHABLE_CODE = YES;
				CLANG_WARN__DUPLICATE_METHOD_MATCH = YES;
				"CODE_SIGN_IDENTITY[sdk=iphoneos*]" = "iPhone Developer";
				COPY_PHASE_STRIP = NO;
				DEBUG_INFORMATION_FORMAT = "dwarf-with-dsym";
				ENABLE_NS_ASSERTIONS = NO;
				ENABLE_STRICT_OBJC_MSGSEND = YES;
				ENABLE_USER_SCRIPT_SANDBOXING = NO;
				GCC_C_LANGUAGE_STANDARD = gnu99;
				GCC_NO_COMMON_BLOCKS = YES;
				GCC_WARN_64_TO_32_BIT_CONVERSION = YES;
				GCC_WARN_ABOUT_RETURN_TYPE = YES_ERROR;
				GCC_WARN_UNDECLARED_SELECTOR = YES;
				GCC_WARN_UNINITIALIZED_AUTOS = YES_AGGRESSIVE;
				GCC_WARN_UNUSED_FUNCTION = YES;
				GCC_WARN_UNUSED_VARIABLE = YES;
				IPHONEOS_DEPLOYMENT_TARGET = 17.0;
				MTL_ENABLE_DEBUG_INFO = NO;
				SDKROOT = iphoneos;
				SUPPORTED_PLATFORMS = iphoneos;
				SWIFT_COMPILATION_MODE = wholemodule;
				SWIFT_OPTIMIZATION_LEVEL = "-O";
				TARGETED_DEVICE_FAMILY = "1,2";
				VALIDATE_PRODUCT = YES;
			};
			name = Release;
		};
		97C147061CF9000F007C117D /* Debug */ = {
			isa = XCBuildConfiguration;
			baseConfigurationReference = 9740EEB21CF90195004384FC /* Debug.xcconfig */;
			buildSettings = {
				ASSETCATALOG_COMPILER_APPICON_NAME = AppIcon;
				CLANG_ENABLE_MODULES = YES;
				CURRENT_PROJECT_VERSION = "$(FLUTTER_BUILD_NUMBER)";
				DEVELOPMENT_TEAM = 485GWGJSJ7;
				ENABLE_BITCODE = NO;
				INFOPLIST_FILE = Runner/Info.plist;
				INFOPLIST_KEY_CFBundleDisplayName = JellyBuddy;
				INFOPLIST_KEY_LSApplicationCategoryType = "public.app-category.education";
				LD_RUNPATH_SEARCH_PATHS = (
					"$(inherited)",
					"@executable_path/Frameworks",
				);
				MARKETING_VERSION = 0.0.1;
				PRODUCT_BUNDLE_IDENTIFIER = com.jellybuddy.app;
				PRODUCT_NAME = "$(TARGET_NAME)";
				SUPPORTED_PLATFORMS = "iphoneos iphonesimulator";
				SUPPORTS_MACCATALYST = NO;
				SUPPORTS_XR_DESIGNED_FOR_IPHONE_IPAD = NO;
				SWIFT_OBJC_BRIDGING_HEADER = "Runner/Runner-Bridging-Header.h";
				SWIFT_OPTIMIZATION_LEVEL = "-Onone";
				SWIFT_VERSION = 5.0;
				TARGETED_DEVICE_FAMILY = 1;
				VERSIONING_SYSTEM = "apple-generic";
			};
			name = Debug;
		};
		97C147071CF9000F007C117D /* Release */ = {
			isa = XCBuildConfiguration;
			baseConfigurationReference = 7AFA3C8E1D35360C0083082E /* Release.xcconfig */;
			buildSettings = {
				ASSETCATALOG_COMPILER_APPICON_NAME = AppIcon;
				CLANG_ENABLE_MODULES = YES;
				CURRENT_PROJECT_VERSION = "$(FLUTTER_BUILD_NUMBER)";
				DEVELOPMENT_TEAM = 485GWGJSJ7;
				ENABLE_BITCODE = NO;
				INFOPLIST_FILE = Runner/Info.plist;
				INFOPLIST_KEY_CFBundleDisplayName = JellyBuddy;
				INFOPLIST_KEY_LSApplicationCategoryType = "public.app-category.education";
				LD_RUNPATH_SEARCH_PATHS = (
					"$(inherited)",
					"@executable_path/Frameworks",
				);
				MARKETING_VERSION = 0.0.1;
				PRODUCT_BUNDLE_IDENTIFIER = com.jellybuddy.app;
				PRODUCT_NAME = "$(TARGET_NAME)";
				SUPPORTED_PLATFORMS = "iphoneos iphonesimulator";
				SUPPORTS_MACCATALYST = NO;
				SUPPORTS_XR_DESIGNED_FOR_IPHONE_IPAD = NO;
				SWIFT_OBJC_BRIDGING_HEADER = "Runner/Runner-Bridging-Header.h";
				SWIFT_VERSION = 5.0;
				TARGETED_DEVICE_FAMILY = 1;
				VERSIONING_SYSTEM = "apple-generic";
			};
			name = Release;
		};
/* End XCBuildConfiguration section */

/* Begin XCConfigurationList section */
		331C8087294A63A400263BE5 /* Build configuration list for PBXNativeTarget "RunnerTests" */ = {
			isa = XCConfigurationList;
			buildConfigurations = (
				331C8088294A63A400263BE5 /* Debug */,
				331C8089294A63A400263BE5 /* Release */,
				331C808A294A63A400263BE5 /* Profile */,
			);
			defaultConfigurationIsVisible = 0;
			defaultConfigurationName = Release;
		};
		97C146E91CF9000F007C117D /* Build configuration list for PBXProject "Runner" */ = {
			isa = XCConfigurationList;
			buildConfigurations = (
				97C147031CF9000F007C117D /* Debug */,
				97C147041CF9000F007C117D /* Release */,
				249021D3217E4FDB00AE95B9 /* Profile */,
			);
			defaultConfigurationIsVisible = 0;
			defaultConfigurationName = Release;
		};
		97C147051CF9000F007C117D /* Build configuration list for PBXNativeTarget "Runner" */ = {
			isa = XCConfigurationList;
			buildConfigurations = (
				97C147061CF9000F007C117D /* Debug */,
				97C147071CF9000F007C117D /* Release */,
				249021D4217E4FDB00AE95B9 /* Profile */,
			);
			defaultConfigurationIsVisible = 0;
			defaultConfigurationName = Release;
		};
/* End XCConfigurationList section */

/* Begin XCLocalSwiftPackageReference section */
		889C2E1753DB4B21832A562C /* XCLocalSwiftPackageReference "InferenceKit" */ = {
			isa = XCLocalSwiftPackageReference;
			relativePath = Packages/InferenceKit;
		};
/* End XCLocalSwiftPackageReference section */

/* Begin XCSwiftPackageProductDependency section */
		F926AD22A02E4D76A9158D31 /* MLXLLM */ = {
			isa = XCSwiftPackageProductDependency;
			package = 889C2E1753DB4B21832A562C /* XCLocalSwiftPackageReference "InferenceKit" */;
			productName = MLXLLM;
		};
		A677EF24BD8843D19731FDD2 /* MLXVLM */ = {
			isa = XCSwiftPackageProductDependency;
			package = 889C2E1753DB4B21832A562C /* XCLocalSwiftPackageReference "InferenceKit" */;
			productName = MLXVLM;
		};
		BA330C55FE564C9F9AE216A6 /* MLXLMCommon */ = {
			isa = XCSwiftPackageProductDependency;
			package = 889C2E1753DB4B21832A562C /* XCLocalSwiftPackageReference "InferenceKit" */;
			productName = MLXLMCommon;
		};
		8B24674431574B1D9978B80C /* MLXFast */ = {
			isa = XCSwiftPackageProductDependency;
			package = 889C2E1753DB4B21832A562C /* XCLocalSwiftPackageReference "InferenceKit" */;
			productName = MLXFast;
		};
		FDC034B926234D2B9BD9E6CD /* MLXNN */ = {
			isa = XCSwiftPackageProductDependency;
			package = 889C2E1753DB4B21832A562C /* XCLocalSwiftPackageReference "InferenceKit" */;
			productName = MLXNN;
		};
/* End XCSwiftPackageProductDependency section */



	};
	rootObject = 97C146E61CF9000F007C117D /* Project object */;
}
